
Microsoft Visual Studio Solution File, Format Version 12.00
# Visual Studio Version 17
VisualStudioVersion = 17.3.32929.385
MinimumVisualStudioVersion = 10.0.40219.1
Project("{8BC9CEB8-8B4A-11D0-8D11-00A0C91BC942}") = "Главный Шаблон - Конечный ( ТОЧНО ПОСЛЕДНИЙ!)", "Главный Шаблон - Конечный ( ТОЧНО ПОСЛЕДНИЙ!).vcxproj", "{224A90E0-3192-4135-B118-C1811C33CAB1}"
EndProject
Global
	GlobalSection(SolutionConfigurationPlatforms) = preSolution
		Debug|x64 = Debug|x64
		Debug|x86 = Debug|x86
		Release|x64 = Release|x64
		Release|x86 = Release|x86
	EndGlobalSection
	GlobalSection(ProjectConfigurationPlatforms) = postSolution
		{224A90E0-3192-4135-B118-C1811C33CAB1}.Debug|x64.ActiveCfg = Debug|x64
		{224A90E0-3192-4135-B118-C1811C33CAB1}.Debug|x64.Build.0 = Debug|x64
		{224A90E0-3192-4135-B118-C1811C33CAB1}.Debug|x86.ActiveCfg = Debug|Win32
		{224A90E0-3192-4135-B118-C1811C33CAB1}.Debug|x86.Build.0 = Debug|Win32
		{224A90E0-3192-4135-B118-C1811C33CAB1}.Release|x64.ActiveCfg = Release|x64
		{224A90E0-3192-4135-B118-C1811C33CAB1}.Release|x64.Build.0 = Release|x64
		{224A90E0-3192-4135-B118-C1811C33CAB1}.Release|x86.ActiveCfg = Release|Win32
		{224A90E0-3192-4135-B118-C1811C33CAB1}.Release|x86.Build.0 = Release|Win32
	EndGlobalSection
	GlobalSection(SolutionProperties) = preSolution
		HideSolutionNode = FALSE
	EndGlobalSection
	GlobalSection(ExtensibilityGlobals) = postSolution
		SolutionGuid = {80572325-EA76-4BF0-AD93-B6C52509126D}
	EndGlobalSection
EndGlobal
